
Microsoft Visual Studio Solution File, Format Version 12.00
# Visual Studio Version 17
VisualStudioVersion = 17.5.002.0
MinimumVisualStudioVersion = 10.0.40219.1
Project("{9A19103F-16F7-4668-BE54-9A1E7A4F7556}") = "MvcMovie", "MvcMovie.csproj", "{1574B09F-A747-44A8-BF02-234B355B17D9}"
EndProject
Global
	GlobalSection(SolutionConfigurationPlatforms) = preSolution
		Debug|Any CPU = Debug|Any CPU
		Release|Any CPU = Release|Any CPU
	EndGlobalSection
	GlobalSection(ProjectConfigurationPlatforms) = postSolution
		{1574B09F-A747-44A8-BF02-234B355B17D9}.Debug|Any CPU.ActiveCfg = Debug|Any CPU
		{1574B09F-A747-44A8-BF02-234B355B17D9}.Debug|Any CPU.Build.0 = Debug|Any CPU
		{1574B09F-A747-44A8-BF02-234B355B17D9}.Release|Any CPU.ActiveCfg = Release|Any CPU
		{1574B09F-A747-44A8-BF02-234B355B17D9}.Release|Any CPU.Build.0 = Release|Any CPU
	EndGlobalSection
	GlobalSection(SolutionProperties) = preSolution
		HideSolutionNode = FALSE
	EndGlobalSection
	GlobalSection(ExtensibilityGlobals) = postSolution
		SolutionGuid = {D5D81F71-2D5E-4758-9F86-BFA7FF4152C1}
	EndGlobalSection
EndGlobal
